
Microsoft Visual Studio Solution File, Format Version 9.00
# Visual Studio 2005
Project("{059D6162-CD51-11D0-AE1F-00A0C90FFFC3}") = "Calendar_DLL", "Calendar_DLL.dsp", "{B03A7EB6-E548-4413-A230-767D733E2D52}"
EndProject
Global
	GlobalSection(SolutionProperties) = preSolution
		HideSolutionNode = FALSE
	EndGlobalSection
