Microsoft Visual Studio Solution File, Format Version 9.00
# Visual C++ Express 2005
Project("{8BC9CEB8-8B4A-11D0-8D11-00A0C91BC942}") = "gammudll", "gammu.vcproj", "{C2562D03-6EF5-4A8B-A66A-A489EBF2541C}"
EndProject
Global
	GlobalSection(SolutionConfigurationPlatforms) = preSolution
		Release|Win32 = Release|Win32
	EndGlobalSection
	GlobalSection(ProjectConfigurationPlatforms) = postSolution
		{C2562D03-6EF5-4A8B-A66A-A489EBF2541C}.Release|Win32.ActiveCfg = Release|Win32
		{C2562D03-6EF5-4A8B-A66A-A489EBF2541C}.Release|Win32.Build.0 = Release|Win32
	EndGlobalSection
	GlobalSection(SolutionProperties) = preSolution
		HideSolutionNode = FALSE
	EndGlobalSection
EndGlobal
