Microsoft Visual Studio Solution File, Format Version 8.00
Project("{8BC9CEB8-8B4A-11D0-8D11-00A0C91BC942}") = "LOCALE", "LOCALE.vcproj", "{84B06F74-854D-4AFA-B408-2EE819EFFB7B}"
	ProjectSection(ProjectDependencies) = postProject
	EndProjectSection
EndProject
Global
	GlobalSection(SolutionConfiguration) = preSolution
		Debug = Debug
		Release = Release
	EndGlobalSection
	GlobalSection(ProjectConfiguration) = postSolution
		{84B06F74-854D-4AFA-B408-2EE819EFFB7B}.Debug.ActiveCfg = Debug|Win32
		{84B06F74-854D-4AFA-B408-2EE819EFFB7B}.Debug.Build.0 = Debug|Win32
		{84B06F74-854D-4AFA-B408-2EE819EFFB7B}.Release.ActiveCfg = Release|Win32
		{84B06F74-854D-4AFA-B408-2EE819EFFB7B}.Release.Build.0 = Release|Win32
	EndGlobalSection
	GlobalSection(ExtensibilityGlobals) = postSolution
	EndGlobalSection
	GlobalSection(ExtensibilityAddIns) = postSolution
	EndGlobalSection
EndGlobal
